
Microsoft Visual Studio Solution File, Format Version 12.00
# Visual Studio Version 16
VisualStudioVersion = 16.0.31624.102
MinimumVisualStudioVersion = 10.0.40219.1
Project("{FAE04EC0-301F-11D3-BF4B-00C04F79EFBC}") = "OrderTrackingSystem", "OrderTrackingSystem\OrderTrackingSystem.csproj", "{539A1032-DD88-435B-BCB6-5F2C3178FF14}"
EndProject
Project("{FAE04EC0-301F-11D3-BF4B-00C04F79EFBC}") = "OrderTrackingSystem.Tests", "OrderTrackingSystem.Tests\OrderTrackingSystem.Tests.csproj", "{3088835A-0A1E-475C-B6B3-C6733B0150AD}"
EndProject
Global
	GlobalSection(SolutionConfigurationPlatforms) = preSolution
		Debug|Any CPU = Debug|Any CPU
		Release|Any CPU = Release|Any CPU
	EndGlobalSection
	GlobalSection(ProjectConfigurationPlatforms) = postSolution
		{539A1032-DD88-435B-BCB6-5F2C3178FF14}.Debug|Any CPU.ActiveCfg = Debug|Any CPU
		{539A1032-DD88-435B-BCB6-5F2C3178FF14}.Debug|Any CPU.Build.0 = Debug|Any CPU
		{539A1032-DD88-435B-BCB6-5F2C3178FF14}.Release|Any CPU.ActiveCfg = Release|Any CPU
		{539A1032-DD88-435B-BCB6-5F2C3178FF14}.Release|Any CPU.Build.0 = Release|Any CPU
		{3088835A-0A1E-475C-B6B3-C6733B0150AD}.Debug|Any CPU.ActiveCfg = Debug|Any CPU
		{3088835A-0A1E-475C-B6B3-C6733B0150AD}.Debug|Any CPU.Build.0 = Debug|Any CPU
		{3088835A-0A1E-475C-B6B3-C6733B0150AD}.Release|Any CPU.ActiveCfg = Release|Any CPU
		{3088835A-0A1E-475C-B6B3-C6733B0150AD}.Release|Any CPU.Build.0 = Release|Any CPU
	EndGlobalSection
	GlobalSection(SolutionProperties) = preSolution
		HideSolutionNode = FALSE
	EndGlobalSection
	GlobalSection(ExtensibilityGlobals) = postSolution
		SolutionGuid = {5F854339-2D68-4C34-B196-685985AF44F8}
	EndGlobalSection
EndGlobal
